
Microsoft Visual Studio Solution File, Format Version 12.00
# Visual Studio Version 16
VisualStudioVersion = 16.0.28803.352
MinimumVisualStudioVersion = 10.0.40219.1
Project("{9A19103F-16F7-4668-BE54-9A1E7A4F7556}") = "DosyaSistemi", "DosyaSistemi\DosyaSistemi.csproj", "{0AB5C04F-8351-4A84-9B2E-28C28AE3F429}"
EndProject
Project("{9A19103F-16F7-4668-BE54-9A1E7A4F7556}") = "DosyaSistemiDAL", "DosyaSistemiDAL\DosyaSistemiDAL.csproj", "{D224D0D8-5331-40D9-B5B2-5406BDB65226}"
EndProject
Project("{9A19103F-16F7-4668-BE54-9A1E7A4F7556}") = "Service2", "Service2\Service2.csproj", "{2D61AD31-650F-48BF-B091-68FDF838B7D1}"
EndProject
Project("{9A19103F-16F7-4668-BE54-9A1E7A4F7556}") = "Service3", "Service3\Service3.csproj", "{F01A726B-3A0E-4153-BE13-70DB46D3D66E}"
EndProject
Global
	GlobalSection(SolutionConfigurationPlatforms) = preSolution
		Debug|Any CPU = Debug|Any CPU
		Release|Any CPU = Release|Any CPU
	EndGlobalSection
	GlobalSection(ProjectConfigurationPlatforms) = postSolution
		{0AB5C04F-8351-4A84-9B2E-28C28AE3F429}.Debug|Any CPU.ActiveCfg = Debug|Any CPU
		{0AB5C04F-8351-4A84-9B2E-28C28AE3F429}.Debug|Any CPU.Build.0 = Debug|Any CPU
		{0AB5C04F-8351-4A84-9B2E-28C28AE3F429}.Release|Any CPU.ActiveCfg = Release|Any CPU
		{0AB5C04F-8351-4A84-9B2E-28C28AE3F429}.Release|Any CPU.Build.0 = Release|Any CPU
		{D224D0D8-5331-40D9-B5B2-5406BDB65226}.Debug|Any CPU.ActiveCfg = Debug|Any CPU
		{D224D0D8-5331-40D9-B5B2-5406BDB65226}.Debug|Any CPU.Build.0 = Debug|Any CPU
		{D224D0D8-5331-40D9-B5B2-5406BDB65226}.Release|Any CPU.ActiveCfg = Release|Any CPU
		{D224D0D8-5331-40D9-B5B2-5406BDB65226}.Release|Any CPU.Build.0 = Release|Any CPU
		{2D61AD31-650F-48BF-B091-68FDF838B7D1}.Debug|Any CPU.ActiveCfg = Debug|Any CPU
		{2D61AD31-650F-48BF-B091-68FDF838B7D1}.Debug|Any CPU.Build.0 = Debug|Any CPU
		{2D61AD31-650F-48BF-B091-68FDF838B7D1}.Release|Any CPU.ActiveCfg = Release|Any CPU
		{2D61AD31-650F-48BF-B091-68FDF838B7D1}.Release|Any CPU.Build.0 = Release|Any CPU
		{F01A726B-3A0E-4153-BE13-70DB46D3D66E}.Debug|Any CPU.ActiveCfg = Debug|Any CPU
		{F01A726B-3A0E-4153-BE13-70DB46D3D66E}.Debug|Any CPU.Build.0 = Debug|Any CPU
		{F01A726B-3A0E-4153-BE13-70DB46D3D66E}.Release|Any CPU.ActiveCfg = Release|Any CPU
		{F01A726B-3A0E-4153-BE13-70DB46D3D66E}.Release|Any CPU.Build.0 = Release|Any CPU
	EndGlobalSection
	GlobalSection(SolutionProperties) = preSolution
		HideSolutionNode = FALSE
	EndGlobalSection
	GlobalSection(ExtensibilityGlobals) = postSolution
		SolutionGuid = {18BAE1B4-FC21-4285-B605-921353F033FF}
	EndGlobalSection
EndGlobal
